
Microsoft Visual Studio Solution File, Format Version 12.00
# Visual Studio Version 17
VisualStudioVersion = 17.2.32616.157
MinimumVisualStudioVersion = 10.0.40219.1
Project("{9A19103F-16F7-4668-BE54-9A1E7A4F7556}") = "Training.Carpark.Services", "Training.Carpark.Services\Training.Carpark.Services.csproj", "{3081FC11-F517-4C5E-ADD0-DD9DB77B5485}"
EndProject
Project("{9A19103F-16F7-4668-BE54-9A1E7A4F7556}") = "Training.Carpark.Repositories", "Training.Carpark.Repositories\Training.Carpark.Repositories.csproj", "{54C0C601-D2A7-4898-B614-B718804C8B03}"
EndProject
Project("{9A19103F-16F7-4668-BE54-9A1E7A4F7556}") = "Training.Carpark.Api", "Training.Carpak.Api\Training.Carpark.Api.csproj", "{FACC4149-56DB-4310-B67D-D953A7F1FEAB}"
EndProject
Project("{9A19103F-16F7-4668-BE54-9A1E7A4F7556}") = "Training.Carpark.Repositories.InMemory", "Training.Carpark.Repositories.InMemory\Training.Carpark.Repositories.InMemory.csproj", "{0BAFFFCE-03E7-4C2A-828C-65DFE31A021D}"
EndProject
Project("{FAE04EC0-301F-11D3-BF4B-00C04F79EFBC}") = "Training.Carpark.Repositories.MongoDb", "Training.Carpark.Repositories.MongoDb\Training.Carpark.Repositories.MongoDb.csproj", "{5991CB86-2BC4-4FD3-8115-3AF3AB39EF24}"
EndProject
Global
	GlobalSection(SolutionConfigurationPlatforms) = preSolution
		Debug|Any CPU = Debug|Any CPU
		Release|Any CPU = Release|Any CPU
	EndGlobalSection
	GlobalSection(ProjectConfigurationPlatforms) = postSolution
		{3081FC11-F517-4C5E-ADD0-DD9DB77B5485}.Debug|Any CPU.ActiveCfg = Debug|Any CPU
		{3081FC11-F517-4C5E-ADD0-DD9DB77B5485}.Debug|Any CPU.Build.0 = Debug|Any CPU
		{3081FC11-F517-4C5E-ADD0-DD9DB77B5485}.Release|Any CPU.ActiveCfg = Release|Any CPU
		{3081FC11-F517-4C5E-ADD0-DD9DB77B5485}.Release|Any CPU.Build.0 = Release|Any CPU
		{54C0C601-D2A7-4898-B614-B718804C8B03}.Debug|Any CPU.ActiveCfg = Debug|Any CPU
		{54C0C601-D2A7-4898-B614-B718804C8B03}.Debug|Any CPU.Build.0 = Debug|Any CPU
		{54C0C601-D2A7-4898-B614-B718804C8B03}.Release|Any CPU.ActiveCfg = Release|Any CPU
		{54C0C601-D2A7-4898-B614-B718804C8B03}.Release|Any CPU.Build.0 = Release|Any CPU
		{FACC4149-56DB-4310-B67D-D953A7F1FEAB}.Debug|Any CPU.ActiveCfg = Debug|Any CPU
		{FACC4149-56DB-4310-B67D-D953A7F1FEAB}.Debug|Any CPU.Build.0 = Debug|Any CPU
		{FACC4149-56DB-4310-B67D-D953A7F1FEAB}.Release|Any CPU.ActiveCfg = Release|Any CPU
		{FACC4149-56DB-4310-B67D-D953A7F1FEAB}.Release|Any CPU.Build.0 = Release|Any CPU
		{0BAFFFCE-03E7-4C2A-828C-65DFE31A021D}.Debug|Any CPU.ActiveCfg = Debug|Any CPU
		{0BAFFFCE-03E7-4C2A-828C-65DFE31A021D}.Debug|Any CPU.Build.0 = Debug|Any CPU
		{0BAFFFCE-03E7-4C2A-828C-65DFE31A021D}.Release|Any CPU.ActiveCfg = Release|Any CPU
		{0BAFFFCE-03E7-4C2A-828C-65DFE31A021D}.Release|Any CPU.Build.0 = Release|Any CPU
		{5991CB86-2BC4-4FD3-8115-3AF3AB39EF24}.Debug|Any CPU.ActiveCfg = Debug|Any CPU
		{5991CB86-2BC4-4FD3-8115-3AF3AB39EF24}.Debug|Any CPU.Build.0 = Debug|Any CPU
		{5991CB86-2BC4-4FD3-8115-3AF3AB39EF24}.Release|Any CPU.ActiveCfg = Release|Any CPU
		{5991CB86-2BC4-4FD3-8115-3AF3AB39EF24}.Release|Any CPU.Build.0 = Release|Any CPU
	EndGlobalSection
	GlobalSection(SolutionProperties) = preSolution
		HideSolutionNode = FALSE
	EndGlobalSection
	GlobalSection(ExtensibilityGlobals) = postSolution
		SolutionGuid = {4CC1F585-9F4C-47DD-9BFE-3E5FFA82900C}
	EndGlobalSection
EndGlobal
